
Microsoft Visual Studio Solution File, Format Version 12.00
# Visual Studio Version 17
VisualStudioVersion = 17.14.36616.10 d17.14
MinimumVisualStudioVersion = 10.0.40219.1
Project("{FAE04EC0-301F-11D3-BF4B-00C04F79EFBC}") = "LeitorNFC-EasyInner", "LeitorNFC-EasyInner.csproj", "{C86428D9-DAA1-4DF8-B6A3-E66272CAA6A7}"
EndProject
Global
	GlobalSection(SolutionConfigurationPlatforms) = preSolution
		Debug|Any CPU = Debug|Any CPU
		Release|Any CPU = Release|Any CPU
	EndGlobalSection
	GlobalSection(ProjectConfigurationPlatforms) = postSolution
		{C86428D9-DAA1-4DF8-B6A3-E66272CAA6A7}.Debug|Any CPU.ActiveCfg = Debug|Any CPU
		{C86428D9-DAA1-4DF8-B6A3-E66272CAA6A7}.Debug|Any CPU.Build.0 = Debug|Any CPU
		{C86428D9-DAA1-4DF8-B6A3-E66272CAA6A7}.Release|Any CPU.ActiveCfg = Release|Any CPU
		{C86428D9-DAA1-4DF8-B6A3-E66272CAA6A7}.Release|Any CPU.Build.0 = Release|Any CPU
	EndGlobalSection
	GlobalSection(SolutionProperties) = preSolution
		HideSolutionNode = FALSE
	EndGlobalSection
	GlobalSection(ExtensibilityGlobals) = postSolution
		SolutionGuid = {721CB24A-698A-431F-A6E5-8AB6710C8C76}
	EndGlobalSection
EndGlobal
